# This file is autogenerated, do not edit; changes may be undone by the next 'dep ensure'.


[[projects]]
  branch = "master"
  name = "github.com/graph-gophers/graphql-go"
  packages = [
    ".",
    "errors",
    "internal/common",
    "internal/exec",
    "internal/exec/packer",
    "internal/exec/resolvable",
    "internal/exec/selected",
    "internal/query",
    "internal/schema",
    "internal/validation",
    "introspection",
    "log",
    "relay",
    "trace"
  ]
  revision = "94da0f0031f9d30a1d56cd4b56e40852516c3301"

[[projects]]
  branch = "master"
  name = "github.com/lib/pq"
  packages = [
    ".",
    "oid"
  ]
  revision = "55f6f2718ccb74a33366eb78dac69fa02124b91f"

[[projects]]
  name = "github.com/mattes/migrate"
  packages = [
    ".",
    "database",
    "database/postgres",
    "source",
    "source/file"
  ]
  revision = "035c07716cd373d88456ec4d701402df52584cb4"
  version = "v3.0.1"

[[projects]]
  name = "github.com/opentracing/opentracing-go"
  packages = [
    ".",
    "ext",
    "log"
  ]
  revision = "1949ddbfd147afd4d964a9f00b24eb291e0e7c38"
  version = "v1.0.2"

[[projects]]
  branch = "master"
  name = "golang.org/x/net"
  packages = ["context"]
  revision = "922f4815f713f213882e8ef45e0d315b164d705c"

[solve-meta]
  analyzer-name = "dep"
  analyzer-version = 1
  inputs-digest = "70a758a4eee6c26b1c31ade2da1d670929d8cea52f398d621cfc29f66836f80e"
  solver-name = "gps-cdcl"
  solver-version = 1
